// !$*UTF8*$!
{
	archiveVersion = 1;
	classes = {
	};
	objectVersion = 56;
	objects = {

/* Begin PBXBuildFile section */
		E970A40829CE20A200929AFA /* AppDelegate.swift in Sources */ = {isa = PBXBuildFile; fileRef = E970A40729CE20A200929AFA /* AppDelegate.swift */; };
		E970A40A29CE20A200929AFA /* SceneDelegate.swift in Sources */ = {isa = PBXBuildFile; fileRef = E970A40929CE20A200929AFA /* SceneDelegate.swift */; };
		E970A41129CE20A300929AFA /* Assets.xcassets in Resources */ = {isa = PBXBuildFile; fileRef = E970A41029CE20A300929AFA /* Assets.xcassets */; };
		E970A41429CE20A300929AFA /* LaunchScreen.storyboard in Resources */ = {isa = PBXBuildFile; fileRef = E970A41229CE20A300929AFA /* LaunchScreen.storyboard */; };
		E970A41F29CE214C00929AFA /* LifeCycleListener.swift in Sources */ = {isa = PBXBuildFile; fileRef = E970A41E29CE214C00929AFA /* LifeCycleListener.swift */; };
		E970A42129CE215900929AFA /* Routable.swift in Sources */ = {isa = PBXBuildFile; fileRef = E970A42029CE215900929AFA /* Routable.swift */; };
		E970A42329CE216700929AFA /* Presentable.swift in Sources */ = {isa = PBXBuildFile; fileRef = E970A42229CE216700929AFA /* Presentable.swift */; };
		E970A42529CE217200929AFA /* Coordinator.swift in Sources */ = {isa = PBXBuildFile; fileRef = E970A42429CE217200929AFA /* Coordinator.swift */; };
		E970A42829CE218700929AFA /* WeakReference.swift in Sources */ = {isa = PBXBuildFile; fileRef = E970A42729CE218700929AFA /* WeakReference.swift */; };
		E970A42B29CE21CF00929AFA /* SystemNavigationController.swift in Sources */ = {isa = PBXBuildFile; fileRef = E970A42A29CE21CF00929AFA /* SystemNavigationController.swift */; };
		E970A42E29CE21FF00929AFA /* ApplicationRouter.swift in Sources */ = {isa = PBXBuildFile; fileRef = E970A42D29CE21FF00929AFA /* ApplicationRouter.swift */; };
		E970A43029CE221100929AFA /* BaseCoordinator.swift in Sources */ = {isa = PBXBuildFile; fileRef = E970A42F29CE221100929AFA /* BaseCoordinator.swift */; };
		E970A43229CE224A00929AFA /* TabBarCoordinator.swift in Sources */ = {isa = PBXBuildFile; fileRef = E970A43129CE224A00929AFA /* TabBarCoordinator.swift */; };
		E970A43429CE226B00929AFA /* ContentView.swift in Sources */ = {isa = PBXBuildFile; fileRef = E970A43329CE226B00929AFA /* ContentView.swift */; };
		E970A43729CE230700929AFA /* Application.swift in Sources */ = {isa = PBXBuildFile; fileRef = E970A43629CE230700929AFA /* Application.swift */; };
		E970A43A29CE235700929AFA /* CoordinatorsFactory.swift in Sources */ = {isa = PBXBuildFile; fileRef = E970A43929CE235700929AFA /* CoordinatorsFactory.swift */; };
/* End PBXBuildFile section */

/* Begin PBXFileReference section */
		E970A40429CE20A200929AFA /* Dota2 info.app */ = {isa = PBXFileReference; explicitFileType = wrapper.application; includeInIndex = 0; path = "Dota2 info.app"; sourceTree = BUILT_PRODUCTS_DIR; };
		E970A40729CE20A200929AFA /* AppDelegate.swift */ = {isa = PBXFileReference; lastKnownFileType = sourcecode.swift; path = AppDelegate.swift; sourceTree = "<group>"; };
		E970A40929CE20A200929AFA /* SceneDelegate.swift */ = {isa = PBXFileReference; lastKnownFileType = sourcecode.swift; path = SceneDelegate.swift; sourceTree = "<group>"; };
		E970A41029CE20A300929AFA /* Assets.xcassets */ = {isa = PBXFileReference; lastKnownFileType = folder.assetcatalog; path = Assets.xcassets; sourceTree = "<group>"; };
		E970A41329CE20A300929AFA /* Base */ = {isa = PBXFileReference; lastKnownFileType = file.storyboard; name = Base; path = Base.lproj/LaunchScreen.storyboard; sourceTree = "<group>"; };
		E970A41529CE20A300929AFA /* Info.plist */ = {isa = PBXFileReference; lastKnownFileType = text.plist.xml; path = Info.plist; sourceTree = "<group>"; };
		E970A41E29CE214C00929AFA /* LifeCycleListener.swift */ = {isa = PBXFileReference; lastKnownFileType = sourcecode.swift; path = LifeCycleListener.swift; sourceTree = "<group>"; };
		E970A42029CE215900929AFA /* Routable.swift */ = {isa = PBXFileReference; lastKnownFileType = sourcecode.swift; path = Routable.swift; sourceTree = "<group>"; };
		E970A42229CE216700929AFA /* Presentable.swift */ = {isa = PBXFileReference; lastKnownFileType = sourcecode.swift; path = Presentable.swift; sourceTree = "<group>"; };
		E970A42429CE217200929AFA /* Coordinator.swift */ = {isa = PBXFileReference; lastKnownFileType = sourcecode.swift; path = Coordinator.swift; sourceTree = "<group>"; };
		E970A42729CE218700929AFA /* WeakReference.swift */ = {isa = PBXFileReference; lastKnownFileType = sourcecode.swift; path = WeakReference.swift; sourceTree = "<group>"; };
		E970A42A29CE21CF00929AFA /* SystemNavigationController.swift */ = {isa = PBXFileReference; lastKnownFileType = sourcecode.swift; path = SystemNavigationController.swift; sourceTree = "<group>"; };
		E970A42D29CE21FF00929AFA /* ApplicationRouter.swift */ = {isa = PBXFileReference; lastKnownFileType = sourcecode.swift; path = ApplicationRouter.swift; sourceTree = "<group>"; };
		E970A42F29CE221100929AFA /* BaseCoordinator.swift */ = {isa = PBXFileReference; lastKnownFileType = sourcecode.swift; path = BaseCoordinator.swift; sourceTree = "<group>"; };
		E970A43129CE224A00929AFA /* TabBarCoordinator.swift */ = {isa = PBXFileReference; lastKnownFileType = sourcecode.swift; path = TabBarCoordinator.swift; sourceTree = "<group>"; };
		E970A43329CE226B00929AFA /* ContentView.swift */ = {isa = PBXFileReference; lastKnownFileType = sourcecode.swift; path = ContentView.swift; sourceTree = "<group>"; };
		E970A43629CE230700929AFA /* Application.swift */ = {isa = PBXFileReference; lastKnownFileType = sourcecode.swift; path = Application.swift; sourceTree = "<group>"; };
		E970A43929CE235700929AFA /* CoordinatorsFactory.swift */ = {isa = PBXFileReference; lastKnownFileType = sourcecode.swift; path = CoordinatorsFactory.swift; sourceTree = "<group>"; };
/* End PBXFileReference section */

/* Begin PBXFrameworksBuildPhase section */
		E970A40129CE20A200929AFA /* Frameworks */ = {
			isa = PBXFrameworksBuildPhase;
			buildActionMask = 2147483647;
			files = (
			);
			runOnlyForDeploymentPostprocessing = 0;
		};
/* End PBXFrameworksBuildPhase section */

/* Begin PBXGroup section */
		E970A3FB29CE20A200929AFA = {
			isa = PBXGroup;
			children = (
				E970A40629CE20A200929AFA /* Dota2 info */,
				E970A40529CE20A200929AFA /* Products */,
			);
			sourceTree = "<group>";
		};
		E970A40529CE20A200929AFA /* Products */ = {
			isa = PBXGroup;
			children = (
				E970A40429CE20A200929AFA /* Dota2 info.app */,
			);
			name = Products;
			sourceTree = "<group>";
		};
		E970A40629CE20A200929AFA /* Dota2 info */ = {
			isa = PBXGroup;
			children = (
				E970A43529CE230000929AFA /* Main */,
				E970A42929CE21C700929AFA /* UIKit */,
				E970A42629CE217D00929AFA /* Helpers */,
				E970A41B29CE212500929AFA /* Coordinators */,
				E970A40729CE20A200929AFA /* AppDelegate.swift */,
				E970A40929CE20A200929AFA /* SceneDelegate.swift */,
				E970A43329CE226B00929AFA /* ContentView.swift */,
				E970A41029CE20A300929AFA /* Assets.xcassets */,
				E970A41229CE20A300929AFA /* LaunchScreen.storyboard */,
				E970A41529CE20A300929AFA /* Info.plist */,
			);
			path = "Dota2 info";
			sourceTree = "<group>";
		};
		E970A41B29CE212500929AFA /* Coordinators */ = {
			isa = PBXGroup;
			children = (
				E970A43829CE234200929AFA /* CoordinatorsFactory */,
				E970A41D29CE213C00929AFA /* Protocols */,
				E970A41C29CE213100929AFA /* Core */,
				E970A43129CE224A00929AFA /* TabBarCoordinator.swift */,
			);
			path = Coordinators;
			sourceTree = "<group>";
		};
		E970A41C29CE213100929AFA /* Core */ = {
			isa = PBXGroup;
			children = (
				E970A42D29CE21FF00929AFA /* ApplicationRouter.swift */,
				E970A42F29CE221100929AFA /* BaseCoordinator.swift */,
			);
			path = Core;
			sourceTree = "<group>";
		};
		E970A41D29CE213C00929AFA /* Protocols */ = {
			isa = PBXGroup;
			children = (
				E970A41E29CE214C00929AFA /* LifeCycleListener.swift */,
				E970A42029CE215900929AFA /* Routable.swift */,
				E970A42229CE216700929AFA /* Presentable.swift */,
				E970A42429CE217200929AFA /* Coordinator.swift */,
			);
			path = Protocols;
			sourceTree = "<group>";
		};
		E970A42629CE217D00929AFA /* Helpers */ = {
			isa = PBXGroup;
			children = (
				E970A42729CE218700929AFA /* WeakReference.swift */,
			);
			path = Helpers;
			sourceTree = "<group>";
		};
		E970A42929CE21C700929AFA /* UIKit */ = {
			isa = PBXGroup;
			children = (
				E970A42C29CE21DD00929AFA /* TabBar */,
				E970A42A29CE21CF00929AFA /* SystemNavigationController.swift */,
			);
			path = UIKit;
			sourceTree = "<group>";
		};
		E970A42C29CE21DD00929AFA /* TabBar */ = {
			isa = PBXGroup;
			children = (
			);
			path = TabBar;
			sourceTree = "<group>";
		};
		E970A43529CE230000929AFA /* Main */ = {
			isa = PBXGroup;
			children = (
				E970A43629CE230700929AFA /* Application.swift */,
			);
			path = Main;
			sourceTree = "<group>";
		};
		E970A43829CE234200929AFA /* CoordinatorsFactory */ = {
			isa = PBXGroup;
			children = (
				E970A43929CE235700929AFA /* CoordinatorsFactory.swift */,
			);
			path = CoordinatorsFactory;
			sourceTree = "<group>";
		};
/* End PBXGroup section */

/* Begin PBXNativeTarget section */
		E970A40329CE20A200929AFA /* Dota2 info */ = {
			isa = PBXNativeTarget;
			buildConfigurationList = E970A41829CE20A300929AFA /* Build configuration list for PBXNativeTarget "Dota2 info" */;
			buildPhases = (
				E970A40029CE20A200929AFA /* Sources */,
				E970A40129CE20A200929AFA /* Frameworks */,
				E970A40229CE20A200929AFA /* Resources */,
			);
			buildRules = (
			);
			dependencies = (
			);
			name = "Dota2 info";
			productName = "Dota2 info";
			productReference = E970A40429CE20A200929AFA /* Dota2 info.app */;
			productType = "com.apple.product-type.application";
		};
/* End PBXNativeTarget section */

/* Begin PBXProject section */
		E970A3FC29CE20A200929AFA /* Project object */ = {
			isa = PBXProject;
			attributes = {
				BuildIndependentTargetsInParallel = 1;
				LastSwiftUpdateCheck = 1420;
				LastUpgradeCheck = 1420;
				TargetAttributes = {
					E970A40329CE20A200929AFA = {
						CreatedOnToolsVersion = 14.2;
					};
				};
			};
			buildConfigurationList = E970A3FF29CE20A200929AFA /* Build configuration list for PBXProject "Dota2 info" */;
			compatibilityVersion = "Xcode 14.0";
			developmentRegion = en;
			hasScannedForEncodings = 0;
			knownRegions = (
				en,
				Base,
			);
			mainGroup = E970A3FB29CE20A200929AFA;
			productRefGroup = E970A40529CE20A200929AFA /* Products */;
			projectDirPath = "";
			projectRoot = "";
			targets = (
				E970A40329CE20A200929AFA /* Dota2 info */,
			);
		};
/* End PBXProject section */

/* Begin PBXResourcesBuildPhase section */
		E970A40229CE20A200929AFA /* Resources */ = {
			isa = PBXResourcesBuildPhase;
			buildActionMask = 2147483647;
			files = (
				E970A41429CE20A300929AFA /* LaunchScreen.storyboard in Resources */,
				E970A41129CE20A300929AFA /* Assets.xcassets in Resources */,
			);
			runOnlyForDeploymentPostprocessing = 0;
		};
/* End PBXResourcesBuildPhase section */

/* Begin PBXSourcesBuildPhase section */
		E970A40029CE20A200929AFA /* Sources */ = {
			isa = PBXSourcesBuildPhase;
			buildActionMask = 2147483647;
			files = (
				E970A42B29CE21CF00929AFA /* SystemNavigationController.swift in Sources */,
				E970A42E29CE21FF00929AFA /* ApplicationRouter.swift in Sources */,
				E970A43229CE224A00929AFA /* TabBarCoordinator.swift in Sources */,
				E970A41F29CE214C00929AFA /* LifeCycleListener.swift in Sources */,
				E970A40829CE20A200929AFA /* AppDelegate.swift in Sources */,
				E970A40A29CE20A200929AFA /* SceneDelegate.swift in Sources */,
				E970A42129CE215900929AFA /* Routable.swift in Sources */,
				E970A43A29CE235700929AFA /* CoordinatorsFactory.swift in Sources */,
				E970A42829CE218700929AFA /* WeakReference.swift in Sources */,
				E970A42329CE216700929AFA /* Presentable.swift in Sources */,
				E970A43429CE226B00929AFA /* ContentView.swift in Sources */,
				E970A43029CE221100929AFA /* BaseCoordinator.swift in Sources */,
				E970A43729CE230700929AFA /* Application.swift in Sources */,
				E970A42529CE217200929AFA /* Coordinator.swift in Sources */,
			);
			runOnlyForDeploymentPostprocessing = 0;
		};
/* End PBXSourcesBuildPhase section */

/* Begin PBXVariantGroup section */
		E970A41229CE20A300929AFA /* LaunchScreen.storyboard */ = {
			isa = PBXVariantGroup;
			children = (
				E970A41329CE20A300929AFA /* Base */,
			);
			name = LaunchScreen.storyboard;
			sourceTree = "<group>";
		};
/* End PBXVariantGroup section */

/* Begin XCBuildConfiguration section */
		E970A41629CE20A300929AFA /* Debug */ = {
			isa = XCBuildConfiguration;
			buildSettings = {
				ALWAYS_SEARCH_USER_PATHS = NO;
				CLANG_ANALYZER_NONNULL = YES;
				CLANG_ANALYZER_NUMBER_OBJECT_CONVERSION = YES_AGGRESSIVE;
				CLANG_CXX_LANGUAGE_STANDARD = "gnu++20";
				CLANG_ENABLE_MODULES = YES;
				CLANG_ENABLE_OBJC_ARC = YES;
				CLANG_ENABLE_OBJC_WEAK = YES;
				CLANG_WARN_BLOCK_CAPTURE_AUTORELEASING = YES;
				CLANG_WARN_BOOL_CONVERSION = YES;
				CLANG_WARN_COMMA = YES;
				CLANG_WARN_CONSTANT_CONVERSION = YES;
				CLANG_WARN_DEPRECATED_OBJC_IMPLEMENTATIONS = YES;
				CLANG_WARN_DIRECT_OBJC_ISA_USAGE = YES_ERROR;
				CLANG_WARN_DOCUMENTATION_COMMENTS = YES;
				CLANG_WARN_EMPTY_BODY = YES;
				CLANG_WARN_ENUM_CONVERSION = YES;
				CLANG_WARN_INFINITE_RECURSION = YES;
				CLANG_WARN_INT_CONVERSION = YES;
				CLANG_WARN_NON_LITERAL_NULL_CONVERSION = YES;
				CLANG_WARN_OBJC_IMPLICIT_RETAIN_SELF = YES;
				CLANG_WARN_OBJC_LITERAL_CONVERSION = YES;
				CLANG_WARN_OBJC_ROOT_CLASS = YES_ERROR;
				CLANG_WARN_QUOTED_INCLUDE_IN_FRAMEWORK_HEADER = YES;
				CLANG_WARN_RANGE_LOOP_ANALYSIS = YES;
				CLANG_WARN_STRICT_PROTOTYPES = YES;
				CLANG_WARN_SUSPICIOUS_MOVE = YES;
				CLANG_WARN_UNGUARDED_AVAILABILITY = YES_AGGRESSIVE;
				CLANG_WARN_UNREACHABLE_CODE = YES;
				CLANG_WARN__DUPLICATE_METHOD_MATCH = YES;
				COPY_PHASE_STRIP = NO;
				DEBUG_INFORMATION_FORMAT = dwarf;
				ENABLE_STRICT_OBJC_MSGSEND = YES;
				ENABLE_TESTABILITY = YES;
				GCC_C_LANGUAGE_STANDARD = gnu11;
				GCC_DYNAMIC_NO_PIC = NO;
				GCC_NO_COMMON_BLOCKS = YES;
				GCC_OPTIMIZATION_LEVEL = 0;
				GCC_PREPROCESSOR_DEFINITIONS = (
					"DEBUG=1",
					"$(inherited)",
				);
				GCC_WARN_64_TO_32_BIT_CONVERSION = YES;
				GCC_WARN_ABOUT_RETURN_TYPE = YES_ERROR;
				GCC_WARN_UNDECLARED_SELECTOR = YES;
				GCC_WARN_UNINITIALIZED_AUTOS = YES_AGGRESSIVE;
				GCC_WARN_UNUSED_FUNCTION = YES;
				GCC_WARN_UNUSED_VARIABLE = YES;
				IPHONEOS_DEPLOYMENT_TARGET = 16.2;
				MTL_ENABLE_DEBUG_INFO = INCLUDE_SOURCE;
				MTL_FAST_MATH = YES;
				ONLY_ACTIVE_ARCH = YES;
				SDKROOT = iphoneos;
				SWIFT_ACTIVE_COMPILATION_CONDITIONS = DEBUG;
				SWIFT_OPTIMIZATION_LEVEL = "-Onone";
			};
			name = Debug;
		};
		E970A41729CE20A300929AFA /* Release */ = {
			isa = XCBuildConfiguration;
			buildSettings = {
				ALWAYS_SEARCH_USER_PATHS = NO;
				CLANG_ANALYZER_NONNULL = YES;
				CLANG_ANALYZER_NUMBER_OBJECT_CONVERSION = YES_AGGRESSIVE;
				CLANG_CXX_LANGUAGE_STANDARD = "gnu++20";
				CLANG_ENABLE_MODULES = YES;
				CLANG_ENABLE_OBJC_ARC = YES;
				CLANG_ENABLE_OBJC_WEAK = YES;
				CLANG_WARN_BLOCK_CAPTURE_AUTORELEASING = YES;
				CLANG_WARN_BOOL_CONVERSION = YES;
				CLANG_WARN_COMMA = YES;
				CLANG_WARN_CONSTANT_CONVERSION = YES;
				CLANG_WARN_DEPRECATED_OBJC_IMPLEMENTATIONS = YES;
				CLANG_WARN_DIRECT_OBJC_ISA_USAGE = YES_ERROR;
				CLANG_WARN_DOCUMENTATION_COMMENTS = YES;
				CLANG_WARN_EMPTY_BODY = YES;
				CLANG_WARN_ENUM_CONVERSION = YES;
				CLANG_WARN_INFINITE_RECURSION = YES;
				CLANG_WARN_INT_CONVERSION = YES;
				CLANG_WARN_NON_LITERAL_NULL_CONVERSION = YES;
				CLANG_WARN_OBJC_IMPLICIT_RETAIN_SELF = YES;
				CLANG_WARN_OBJC_LITERAL_CONVERSION = YES;
				CLANG_WARN_OBJC_ROOT_CLASS = YES_ERROR;
				CLANG_WARN_QUOTED_INCLUDE_IN_FRAMEWORK_HEADER = YES;
				CLANG_WARN_RANGE_LOOP_ANALYSIS = YES;
				CLANG_WARN_STRICT_PROTOTYPES = YES;
				CLANG_WARN_SUSPICIOUS_MOVE = YES;
				CLANG_WARN_UNGUARDED_AVAILABILITY = YES_AGGRESSIVE;
				CLANG_WARN_UNREACHABLE_CODE = YES;
				CLANG_WARN__DUPLICATE_METHOD_MATCH = YES;
				COPY_PHASE_STRIP = NO;
				DEBUG_INFORMATION_FORMAT = "dwarf-with-dsym";
				ENABLE_NS_ASSERTIONS = NO;
				ENABLE_STRICT_OBJC_MSGSEND = YES;
				GCC_C_LANGUAGE_STANDARD = gnu11;
				GCC_NO_COMMON_BLOCKS = YES;
				GCC_WARN_64_TO_32_BIT_CONVERSION = YES;
				GCC_WARN_ABOUT_RETURN_TYPE = YES_ERROR;
				GCC_WARN_UNDECLARED_SELECTOR = YES;
				GCC_WARN_UNINITIALIZED_AUTOS = YES_AGGRESSIVE;
				GCC_WARN_UNUSED_FUNCTION = YES;
				GCC_WARN_UNUSED_VARIABLE = YES;
				IPHONEOS_DEPLOYMENT_TARGET = 16.2;
				MTL_ENABLE_DEBUG_INFO = NO;
				MTL_FAST_MATH = YES;
				SDKROOT = iphoneos;
				SWIFT_COMPILATION_MODE = wholemodule;
				SWIFT_OPTIMIZATION_LEVEL = "-O";
				VALIDATE_PRODUCT = YES;
			};
			name = Release;
		};
		E970A41929CE20A300929AFA /* Debug */ = {
			isa = XCBuildConfiguration;
			buildSettings = {
				ASSETCATALOG_COMPILER_APPICON_NAME = AppIcon;
				ASSETCATALOG_COMPILER_GLOBAL_ACCENT_COLOR_NAME = AccentColor;
				CODE_SIGN_STYLE = Automatic;
				CURRENT_PROJECT_VERSION = 1;
				DEVELOPMENT_TEAM = LPQ2M5NR2W;
				GENERATE_INFOPLIST_FILE = YES;
				INFOPLIST_FILE = "Dota2 info/Info.plist";
				INFOPLIST_KEY_UIApplicationSupportsIndirectInputEvents = YES;
				INFOPLIST_KEY_UILaunchStoryboardName = LaunchScreen.storyboard;
				INFOPLIST_KEY_UISupportedInterfaceOrientations = UIInterfaceOrientationPortrait;
				IPHONEOS_DEPLOYMENT_TARGET = 16.0;
				LD_RUNPATH_SEARCH_PATHS = (
					"$(inherited)",
					"@executable_path/Frameworks",
				);
				MARKETING_VERSION = 1.0;
				PRODUCT_BUNDLE_IDENTIFIER = "kaboo.Dota2-info";
				PRODUCT_NAME = "$(TARGET_NAME)";
				SUPPORTED_PLATFORMS = "iphoneos iphonesimulator";
				SUPPORTS_MACCATALYST = NO;
				SUPPORTS_MAC_DESIGNED_FOR_IPHONE_IPAD = NO;
				SWIFT_EMIT_LOC_STRINGS = YES;
				SWIFT_VERSION = 5.0;
				TARGETED_DEVICE_FAMILY = 1;
			};
			name = Debug;
		};
		E970A41A29CE20A300929AFA /* Release */ = {
			isa = XCBuildConfiguration;
			buildSettings = {
				ASSETCATALOG_COMPILER_APPICON_NAME = AppIcon;
				ASSETCATALOG_COMPILER_GLOBAL_ACCENT_COLOR_NAME = AccentColor;
				CODE_SIGN_STYLE = Automatic;
				CURRENT_PROJECT_VERSION = 1;
				DEVELOPMENT_TEAM = LPQ2M5NR2W;
				GENERATE_INFOPLIST_FILE = YES;
				INFOPLIST_FILE = "Dota2 info/Info.plist";
				INFOPLIST_KEY_UIApplicationSupportsIndirectInputEvents = YES;
				INFOPLIST_KEY_UILaunchStoryboardName = LaunchScreen.storyboard;
				INFOPLIST_KEY_UISupportedInterfaceOrientations = UIInterfaceOrientationPortrait;
				IPHONEOS_DEPLOYMENT_TARGET = 16.0;
				LD_RUNPATH_SEARCH_PATHS = (
					"$(inherited)",
					"@executable_path/Frameworks",
				);
				MARKETING_VERSION = 1.0;
				PRODUCT_BUNDLE_IDENTIFIER = "kaboo.Dota2-info";
				PRODUCT_NAME = "$(TARGET_NAME)";
				SUPPORTED_PLATFORMS = "iphoneos iphonesimulator";
				SUPPORTS_MACCATALYST = NO;
				SUPPORTS_MAC_DESIGNED_FOR_IPHONE_IPAD = NO;
				SWIFT_EMIT_LOC_STRINGS = YES;
				SWIFT_VERSION = 5.0;
				TARGETED_DEVICE_FAMILY = 1;
			};
			name = Release;
		};
/* End XCBuildConfiguration section */

/* Begin XCConfigurationList section */
		E970A3FF29CE20A200929AFA /* Build configuration list for PBXProject "Dota2 info" */ = {
			isa = XCConfigurationList;
			buildConfigurations = (
				E970A41629CE20A300929AFA /* Debug */,
				E970A41729CE20A300929AFA /* Release */,
			);
			defaultConfigurationIsVisible = 0;
			defaultConfigurationName = Release;
		};
		E970A41829CE20A300929AFA /* Build configuration list for PBXNativeTarget "Dota2 info" */ = {
			isa = XCConfigurationList;
			buildConfigurations = (
				E970A41929CE20A300929AFA /* Debug */,
				E970A41A29CE20A300929AFA /* Release */,
			);
			defaultConfigurationIsVisible = 0;
			defaultConfigurationName = Release;
		};
/* End XCConfigurationList section */
	};
	rootObject = E970A3FC29CE20A200929AFA /* Project object */;
}
